
Microsoft Visual Studio Solution File, Format Version 12.00
# Visual Studio Version 17
VisualStudioVersion = 17.12.35323.107
MinimumVisualStudioVersion = 10.0.40219.1
Project("{FAE04EC0-301F-11D3-BF4B-00C04F79EFBC}") = "BlazorWebAssembly", "BlazorWebAssembly.csproj", "{5A85B5BE-3845-486E-B24E-09907B6D8161}"
EndProject
Global
	GlobalSection(SolutionConfigurationPlatforms) = preSolution
		Debug|Any CPU = Debug|Any CPU
		Release|Any CPU = Release|Any CPU
	EndGlobalSection
	GlobalSection(ProjectConfigurationPlatforms) = postSolution
		{5A85B5BE-3845-486E-B24E-09907B6D8161}.Debug|Any CPU.ActiveCfg = Debug|Any CPU
		{5A85B5BE-3845-486E-B24E-09907B6D8161}.Debug|Any CPU.Build.0 = Debug|Any CPU
		{5A85B5BE-3845-486E-B24E-09907B6D8161}.Release|Any CPU.ActiveCfg = Release|Any CPU
		{5A85B5BE-3845-486E-B24E-09907B6D8161}.Release|Any CPU.Build.0 = Release|Any CPU
	EndGlobalSection
	GlobalSection(SolutionProperties) = preSolution
		HideSolutionNode = FALSE
	EndGlobalSection
	GlobalSection(ExtensibilityGlobals) = postSolution
		SolutionGuid = {962A1447-79F4-46A3-9F4C-EA442A52F475}
	EndGlobalSection
EndGlobal
